
Microsoft Visual Studio Solution File, Format Version 12.00
# Visual Studio Version 17
VisualStudioVersion = 17.11.35327.3
MinimumVisualStudioVersion = 10.0.40219.1
Project("{9A19103F-16F7-4668-BE54-9A1E7A4F7556}") = "LibraryAppMVC", "LibraryAppMVC\LibraryAppMVC.csproj", "{A0BA4A3C-7145-4219-9E27-6C9A9BEC6445}"
EndProject
Project("{9A19103F-16F7-4668-BE54-9A1E7A4F7556}") = "LibraryAppMVC.Tests", "LibraryAppMVC.Tests\LibraryAppMVC.Tests.csproj", "{E019C63F-261F-4FCC-AECD-E40CBFD16D1B}"
EndProject
Project("{00D1A9C2-B5F0-4AF3-8072-F6C62B433612}") = "LibraryDb", "LibraryDb\LibraryDb.sqlproj", "{CCE2F09C-6969-4921-A0CA-190155D66BCE}"
EndProject
Global
	GlobalSection(SolutionConfigurationPlatforms) = preSolution
		Debug|Any CPU = Debug|Any CPU
		Release|Any CPU = Release|Any CPU
	EndGlobalSection
	GlobalSection(ProjectConfigurationPlatforms) = postSolution
		{A0BA4A3C-7145-4219-9E27-6C9A9BEC6445}.Debug|Any CPU.ActiveCfg = Debug|Any CPU
		{A0BA4A3C-7145-4219-9E27-6C9A9BEC6445}.Debug|Any CPU.Build.0 = Debug|Any CPU
		{A0BA4A3C-7145-4219-9E27-6C9A9BEC6445}.Release|Any CPU.ActiveCfg = Release|Any CPU
		{A0BA4A3C-7145-4219-9E27-6C9A9BEC6445}.Release|Any CPU.Build.0 = Release|Any CPU
		{E019C63F-261F-4FCC-AECD-E40CBFD16D1B}.Debug|Any CPU.ActiveCfg = Debug|Any CPU
		{E019C63F-261F-4FCC-AECD-E40CBFD16D1B}.Debug|Any CPU.Build.0 = Debug|Any CPU
		{E019C63F-261F-4FCC-AECD-E40CBFD16D1B}.Release|Any CPU.ActiveCfg = Release|Any CPU
		{E019C63F-261F-4FCC-AECD-E40CBFD16D1B}.Release|Any CPU.Build.0 = Release|Any CPU
		{CCE2F09C-6969-4921-A0CA-190155D66BCE}.Debug|Any CPU.ActiveCfg = Debug|Any CPU
		{CCE2F09C-6969-4921-A0CA-190155D66BCE}.Debug|Any CPU.Build.0 = Debug|Any CPU
		{CCE2F09C-6969-4921-A0CA-190155D66BCE}.Debug|Any CPU.Deploy.0 = Debug|Any CPU
		{CCE2F09C-6969-4921-A0CA-190155D66BCE}.Release|Any CPU.ActiveCfg = Release|Any CPU
		{CCE2F09C-6969-4921-A0CA-190155D66BCE}.Release|Any CPU.Build.0 = Release|Any CPU
		{CCE2F09C-6969-4921-A0CA-190155D66BCE}.Release|Any CPU.Deploy.0 = Release|Any CPU
	EndGlobalSection
	GlobalSection(SolutionProperties) = preSolution
		HideSolutionNode = FALSE
	EndGlobalSection
	GlobalSection(ExtensibilityGlobals) = postSolution
		SolutionGuid = {2B2765BE-DD14-4ACE-BF0F-699D5107DE4D}
	EndGlobalSection
EndGlobal
